
Microsoft Visual Studio Solution File, Format Version 12.00
# Visual Studio Version 16
VisualStudioVersion = 16.0.31729.503
MinimumVisualStudioVersion = 10.0.40219.1
Project("{FAE04EC0-301F-11D3-BF4B-00C04F79EFBC}") = "WpfApp27", "WpfApp27\WpfApp27.csproj", "{039957BF-C701-4A80-85C6-38CFEB9FEB08}"
EndProject
Global
	GlobalSection(SolutionConfigurationPlatforms) = preSolution
		Debug|Any CPU = Debug|Any CPU
		Debug|x64 = Debug|x64
		Release|Any CPU = Release|Any CPU
		Release|x64 = Release|x64
	EndGlobalSection
	GlobalSection(ProjectConfigurationPlatforms) = postSolution
		{039957BF-C701-4A80-85C6-38CFEB9FEB08}.Debug|Any CPU.ActiveCfg = Debug|Any CPU
		{039957BF-C701-4A80-85C6-38CFEB9FEB08}.Debug|Any CPU.Build.0 = Debug|Any CPU
		{039957BF-C701-4A80-85C6-38CFEB9FEB08}.Debug|x64.ActiveCfg = Debug|x64
		{039957BF-C701-4A80-85C6-38CFEB9FEB08}.Debug|x64.Build.0 = Debug|x64
		{039957BF-C701-4A80-85C6-38CFEB9FEB08}.Release|Any CPU.ActiveCfg = Release|Any CPU
		{039957BF-C701-4A80-85C6-38CFEB9FEB08}.Release|Any CPU.Build.0 = Release|Any CPU
		{039957BF-C701-4A80-85C6-38CFEB9FEB08}.Release|x64.ActiveCfg = Release|x64
		{039957BF-C701-4A80-85C6-38CFEB9FEB08}.Release|x64.Build.0 = Release|x64
	EndGlobalSection
	GlobalSection(SolutionProperties) = preSolution
		HideSolutionNode = FALSE
	EndGlobalSection
	GlobalSection(ExtensibilityGlobals) = postSolution
		SolutionGuid = {76009807-9F97-440C-9AAD-D337B3E3734B}
	EndGlobalSection
EndGlobal
